
Microsoft Visual Studio Solution File, Format Version 12.00
# Visual Studio 2015
Project("{FAE04EC0-301F-11D3-BF4B-00C04F79EFBC}") = "CATBOMBER.Plugins", "CATBOMBER.Plugins.csproj", "{498D07F7-9A21-78F5-0B44-5A9D4B224ECE}"
EndProject
Project("{FAE04EC0-301F-11D3-BF4B-00C04F79EFBC}") = "CATBOMBER", "CATBOMBER.csproj", "{BDBD0E8F-F7CC-948B-DA21-8537A2328B15}"
EndProject
Project("{FAE04EC0-301F-11D3-BF4B-00C04F79EFBC}") = "CATBOMBER.Editor.Plugins", "CATBOMBER.Editor.Plugins.csproj", "{37E673D7-B180-A9A6-24FE-DA306820B59F}"
EndProject
Global
	GlobalSection(SolutionConfigurationPlatforms) = preSolution
		Debug|Any CPU = Debug|Any CPU
		Release|Any CPU = Release|Any CPU
	EndGlobalSection
	GlobalSection(ProjectConfigurationPlatforms) = postSolution
		{498D07F7-9A21-78F5-0B44-5A9D4B224ECE}.Debug|Any CPU.ActiveCfg = Debug|Any CPU
		{498D07F7-9A21-78F5-0B44-5A9D4B224ECE}.Debug|Any CPU.Build.0 = Debug|Any CPU
		{498D07F7-9A21-78F5-0B44-5A9D4B224ECE}.Release|Any CPU.ActiveCfg = Release|Any CPU
		{498D07F7-9A21-78F5-0B44-5A9D4B224ECE}.Release|Any CPU.Build.0 = Release|Any CPU
		{BDBD0E8F-F7CC-948B-DA21-8537A2328B15}.Debug|Any CPU.ActiveCfg = Debug|Any CPU
		{BDBD0E8F-F7CC-948B-DA21-8537A2328B15}.Debug|Any CPU.Build.0 = Debug|Any CPU
		{BDBD0E8F-F7CC-948B-DA21-8537A2328B15}.Release|Any CPU.ActiveCfg = Release|Any CPU
		{BDBD0E8F-F7CC-948B-DA21-8537A2328B15}.Release|Any CPU.Build.0 = Release|Any CPU
		{37E673D7-B180-A9A6-24FE-DA306820B59F}.Debug|Any CPU.ActiveCfg = Debug|Any CPU
		{37E673D7-B180-A9A6-24FE-DA306820B59F}.Debug|Any CPU.Build.0 = Debug|Any CPU
		{37E673D7-B180-A9A6-24FE-DA306820B59F}.Release|Any CPU.ActiveCfg = Release|Any CPU
		{37E673D7-B180-A9A6-24FE-DA306820B59F}.Release|Any CPU.Build.0 = Release|Any CPU
	EndGlobalSection
	GlobalSection(SolutionProperties) = preSolution
		HideSolutionNode = FALSE
	EndGlobalSection
EndGlobal
